
Microsoft Visual Studio Solution File, Format Version 12.00
# Visual Studio Version 17
VisualStudioVersion = 17.9.34723.18
MinimumVisualStudioVersion = 10.0.40219.1
Project("{8BC9CEB8-8B4A-11D0-8D11-00A0C91BC942}") = "C++11 初始化列表", "C++11 初始化列表.vcxproj", "{52941CAD-D562-4DEA-82E6-B7C346C83CA7}"
EndProject
Global
	GlobalSection(SolutionConfigurationPlatforms) = preSolution
		Debug|x64 = Debug|x64
		Debug|x86 = Debug|x86
		Release|x64 = Release|x64
		Release|x86 = Release|x86
	EndGlobalSection
	GlobalSection(ProjectConfigurationPlatforms) = postSolution
		{52941CAD-D562-4DEA-82E6-B7C346C83CA7}.Debug|x64.ActiveCfg = Debug|x64
		{52941CAD-D562-4DEA-82E6-B7C346C83CA7}.Debug|x64.Build.0 = Debug|x64
		{52941CAD-D562-4DEA-82E6-B7C346C83CA7}.Debug|x86.ActiveCfg = Debug|Win32
		{52941CAD-D562-4DEA-82E6-B7C346C83CA7}.Debug|x86.Build.0 = Debug|Win32
		{52941CAD-D562-4DEA-82E6-B7C346C83CA7}.Release|x64.ActiveCfg = Release|x64
		{52941CAD-D562-4DEA-82E6-B7C346C83CA7}.Release|x64.Build.0 = Release|x64
		{52941CAD-D562-4DEA-82E6-B7C346C83CA7}.Release|x86.ActiveCfg = Release|Win32
		{52941CAD-D562-4DEA-82E6-B7C346C83CA7}.Release|x86.Build.0 = Release|Win32
	EndGlobalSection
	GlobalSection(SolutionProperties) = preSolution
		HideSolutionNode = FALSE
	EndGlobalSection
	GlobalSection(ExtensibilityGlobals) = postSolution
		SolutionGuid = {2AC2111C-E4DA-4FAE-920A-4FA927B06377}
	EndGlobalSection
EndGlobal
