
Microsoft Visual Studio Solution File, Format Version 12.00
# Visual Studio Version 17
VisualStudioVersion = 17.9.34723.18
MinimumVisualStudioVersion = 10.0.40219.1
Project("{8BC9CEB8-8B4A-11D0-8D11-00A0C91BC942}") = "C++ redefinition", "C++ redefinition.vcxproj", "{64CA25F5-B1E7-4324-B548-663B682432CB}"
EndProject
Global
	GlobalSection(SolutionConfigurationPlatforms) = preSolution
		Debug|x64 = Debug|x64
		Debug|x86 = Debug|x86
		Release|x64 = Release|x64
		Release|x86 = Release|x86
	EndGlobalSection
	GlobalSection(ProjectConfigurationPlatforms) = postSolution
		{64CA25F5-B1E7-4324-B548-663B682432CB}.Debug|x64.ActiveCfg = Debug|x64
		{64CA25F5-B1E7-4324-B548-663B682432CB}.Debug|x64.Build.0 = Debug|x64
		{64CA25F5-B1E7-4324-B548-663B682432CB}.Debug|x86.ActiveCfg = Debug|Win32
		{64CA25F5-B1E7-4324-B548-663B682432CB}.Debug|x86.Build.0 = Debug|Win32
		{64CA25F5-B1E7-4324-B548-663B682432CB}.Release|x64.ActiveCfg = Release|x64
		{64CA25F5-B1E7-4324-B548-663B682432CB}.Release|x64.Build.0 = Release|x64
		{64CA25F5-B1E7-4324-B548-663B682432CB}.Release|x86.ActiveCfg = Release|Win32
		{64CA25F5-B1E7-4324-B548-663B682432CB}.Release|x86.Build.0 = Release|Win32
	EndGlobalSection
	GlobalSection(SolutionProperties) = preSolution
		HideSolutionNode = FALSE
	EndGlobalSection
	GlobalSection(ExtensibilityGlobals) = postSolution
		SolutionGuid = {D4E6DC69-4CA0-4B37-B886-7456C19F64CC}
	EndGlobalSection
EndGlobal
