
Microsoft Visual Studio Solution File, Format Version 12.00
# Visual Studio Version 17
VisualStudioVersion = 17.9.34723.18
MinimumVisualStudioVersion = 10.0.40219.1
Project("{8BC9CEB8-8B4A-11D0-8D11-00A0C91BC942}") = "example_algorithme", "example_algorithme.vcxproj", "{9FA54A46-B5D8-4A22-89B4-8033BA5AE883}"
EndProject
Global
	GlobalSection(SolutionConfigurationPlatforms) = preSolution
		Debug|x64 = Debug|x64
		Debug|x86 = Debug|x86
		Release|x64 = Release|x64
		Release|x86 = Release|x86
	EndGlobalSection
	GlobalSection(ProjectConfigurationPlatforms) = postSolution
		{9FA54A46-B5D8-4A22-89B4-8033BA5AE883}.Debug|x64.ActiveCfg = Debug|x64
		{9FA54A46-B5D8-4A22-89B4-8033BA5AE883}.Debug|x64.Build.0 = Debug|x64
		{9FA54A46-B5D8-4A22-89B4-8033BA5AE883}.Debug|x86.ActiveCfg = Debug|Win32
		{9FA54A46-B5D8-4A22-89B4-8033BA5AE883}.Debug|x86.Build.0 = Debug|Win32
		{9FA54A46-B5D8-4A22-89B4-8033BA5AE883}.Release|x64.ActiveCfg = Release|x64
		{9FA54A46-B5D8-4A22-89B4-8033BA5AE883}.Release|x64.Build.0 = Release|x64
		{9FA54A46-B5D8-4A22-89B4-8033BA5AE883}.Release|x86.ActiveCfg = Release|Win32
		{9FA54A46-B5D8-4A22-89B4-8033BA5AE883}.Release|x86.Build.0 = Release|Win32
	EndGlobalSection
	GlobalSection(SolutionProperties) = preSolution
		HideSolutionNode = FALSE
	EndGlobalSection
	GlobalSection(ExtensibilityGlobals) = postSolution
		SolutionGuid = {13470B1A-B1EB-4EC0-83AC-F9779D941643}
	EndGlobalSection
EndGlobal
